// !$*UTF8*$!
{
	archiveVersion = 1;
	classes = {
	};
	objectVersion = 77;
	objects = {

/* Begin PBXBuildFile section */
		A1B2C3D40000000000000001 /* PolarBleSdk in Frameworks */ = {isa = PBXBuildFile; productRef = A1B2C3D40000000000000003 /* PolarBleSdk */; };
		B1B2C3D400000000000000A1 /* SessionActivityAttributes.swift in Sources */ = {isa = PBXBuildFile; fileRef = B1B2C3D400000000000000B1 /* SessionActivityAttributes.swift */; };
		B1B2C3D400000000000000A2 /* SessionActivityAttributes.swift in Sources */ = {isa = PBXBuildFile; fileRef = B1B2C3D400000000000000B1 /* SessionActivityAttributes.swift */; };
		B1B2C3D400000000000000A3 /* PolarH10WidgetBundle.swift in Sources */ = {isa = PBXBuildFile; fileRef = B1B2C3D400000000000000B2 /* PolarH10WidgetBundle.swift */; };
		B1B2C3D400000000000000A4 /* PolarH10Widget.appex in Embed Foundation Extensions */ = {isa = PBXBuildFile; fileRef = B1B2C3D400000000000000B4 /* PolarH10Widget.appex */; settings = {ATTRIBUTES = (RemoveHeadersOnCopy, ); }; };
/* End PBXBuildFile section */

/* Begin PBXCopyFilesBuildPhase section */
		B1B2C3D400000000000000D4 /* Embed Foundation Extensions */ = {
			isa = PBXCopyFilesBuildPhase;
			buildActionMask = 2147483647;
			dstPath = "";
			dstSubfolderSpec = 13;
			files = (
				B1B2C3D400000000000000A4 /* PolarH10Widget.appex in Embed Foundation Extensions */,
			);
			name = "Embed Foundation Extensions";
			runOnlyForDeploymentPostprocessing = 0;
		};
/* End PBXCopyFilesBuildPhase section */

/* Begin PBXFileReference section */
		B1B2C3D400000000000000B1 /* SessionActivityAttributes.swift */ = {isa = PBXFileReference; lastKnownFileType = sourcecode.swift; path = SessionActivityAttributes.swift; sourceTree = "<group>"; };
		B1B2C3D400000000000000B2 /* PolarH10WidgetBundle.swift */ = {isa = PBXFileReference; lastKnownFileType = sourcecode.swift; path = PolarH10WidgetBundle.swift; sourceTree = "<group>"; };
		B1B2C3D400000000000000B3 /* Info.plist */ = {isa = PBXFileReference; lastKnownFileType = text.plist.xml; path = Info.plist; sourceTree = "<group>"; };
		B1B2C3D400000000000000B4 /* PolarH10Widget.appex */ = {isa = PBXFileReference; explicitFileType = "wrapper.app-extension"; includeInIndex = 0; path = PolarH10Widget.appex; sourceTree = BUILT_PRODUCTS_DIR; };
		D0710C332FD9739300624913 /* Polar H10.app */ = {isa = PBXFileReference; explicitFileType = wrapper.application; includeInIndex = 0; path = "Polar H10.app"; sourceTree = BUILT_PRODUCTS_DIR; };
/* End PBXFileReference section */

/* Begin PBXFileSystemSynchronizedRootGroup section */
		D0710C352FD9739300624913 /* Polar H10 */ = {
			isa = PBXFileSystemSynchronizedRootGroup;
			path = "Polar H10";
			sourceTree = "<group>";
		};
/* End PBXFileSystemSynchronizedRootGroup section */

/* Begin PBXFrameworksBuildPhase section */
		D0710C302FD9739300624913 /* Frameworks */ = {
			isa = PBXFrameworksBuildPhase;
			buildActionMask = 2147483647;
			files = (
				A1B2C3D40000000000000001 /* PolarBleSdk in Frameworks */,
			);
			runOnlyForDeploymentPostprocessing = 0;
		};
		B1B2C3D400000000000000D2 /* Frameworks */ = {
			isa = PBXFrameworksBuildPhase;
			buildActionMask = 2147483647;
			files = (
			);
			runOnlyForDeploymentPostprocessing = 0;
		};
/* End PBXFrameworksBuildPhase section */

/* Begin PBXGroup section */
		D0710C2A2FD9739300624913 = {
			isa = PBXGroup;
			children = (
				D0710C352FD9739300624913 /* Polar H10 */,
				B1B2C3D400000000000000C1 /* Shared */,
				B1B2C3D400000000000000C2 /* PolarH10Widget */,
				D0710C342FD9739300624913 /* Products */,
			);
			sourceTree = "<group>";
		};
		D0710C342FD9739300624913 /* Products */ = {
			isa = PBXGroup;
			children = (
				D0710C332FD9739300624913 /* Polar H10.app */,
				B1B2C3D400000000000000B4 /* PolarH10Widget.appex */,
			);
			name = Products;
			sourceTree = "<group>";
		};
		B1B2C3D400000000000000C1 /* Shared */ = {
			isa = PBXGroup;
			children = (
				B1B2C3D400000000000000B1 /* SessionActivityAttributes.swift */,
			);
			path = Shared;
			sourceTree = "<group>";
		};
		B1B2C3D400000000000000C2 /* PolarH10Widget */ = {
			isa = PBXGroup;
			children = (
				B1B2C3D400000000000000B2 /* PolarH10WidgetBundle.swift */,
				B1B2C3D400000000000000B3 /* Info.plist */,
			);
			path = PolarH10Widget;
			sourceTree = "<group>";
		};
/* End PBXGroup section */

/* Begin PBXNativeTarget section */
		D0710C322FD9739300624913 /* Polar H10 */ = {
			isa = PBXNativeTarget;
			buildConfigurationList = D0710C3E2FD9739500624913 /* Build configuration list for PBXNativeTarget "Polar H10" */;
			buildPhases = (
				D0710C2F2FD9739300624913 /* Sources */,
				D0710C302FD9739300624913 /* Frameworks */,
				D0710C312FD9739300624913 /* Resources */,
				B1B2C3D400000000000000D4 /* Embed Foundation Extensions */,
			);
			buildRules = (
			);
			dependencies = (
				B1B2C3D400000000000000D5 /* PBXTargetDependency */,
			);
			fileSystemSynchronizedGroups = (
				D0710C352FD9739300624913 /* Polar H10 */,
			);
			name = "Polar H10";
			packageProductDependencies = (
				A1B2C3D40000000000000003 /* PolarBleSdk */,
			);
			productName = "Polar H10";
			productReference = D0710C332FD9739300624913 /* Polar H10.app */;
			productType = "com.apple.product-type.application";
		};
		B1B2C3D400000000000000D0 /* PolarH10Widget */ = {
			isa = PBXNativeTarget;
			buildConfigurationList = B1B2C3D400000000000000E0 /* Build configuration list for PBXNativeTarget "PolarH10Widget" */;
			buildPhases = (
				B1B2C3D400000000000000D1 /* Sources */,
				B1B2C3D400000000000000D2 /* Frameworks */,
				B1B2C3D400000000000000D3 /* Resources */,
			);
			buildRules = (
			);
			dependencies = (
			);
			name = PolarH10Widget;
			productName = PolarH10Widget;
			productReference = B1B2C3D400000000000000B4 /* PolarH10Widget.appex */;
			productType = "com.apple.product-type.app-extension";
		};
/* End PBXNativeTarget section */

/* Begin PBXProject section */
		D0710C2B2FD9739300624913 /* Project object */ = {
			isa = PBXProject;
			attributes = {
				BuildIndependentTargetsInParallel = 1;
				LastSwiftUpdateCheck = 2640;
				LastUpgradeCheck = 2640;
				TargetAttributes = {
					D0710C322FD9739300624913 = {
						CreatedOnToolsVersion = 26.4;
					};
					B1B2C3D400000000000000D0 = {
						CreatedOnToolsVersion = 26.4;
					};
				};
			};
			buildConfigurationList = D0710C2E2FD9739300624913 /* Build configuration list for PBXProject "Polar H10" */;
			developmentRegion = en;
			hasScannedForEncodings = 0;
			knownRegions = (
				en,
				Base,
			);
			mainGroup = D0710C2A2FD9739300624913;
			minimizedProjectReferenceProxies = 1;
			packageReferences = (
				A1B2C3D40000000000000002 /* XCRemoteSwiftPackageReference "polar-ble-sdk" */,
			);
			preferredProjectObjectVersion = 77;
			productRefGroup = D0710C342FD9739300624913 /* Products */;
			projectDirPath = "";
			projectRoot = "";
			targets = (
				D0710C322FD9739300624913 /* Polar H10 */,
				B1B2C3D400000000000000D0 /* PolarH10Widget */,
			);
		};
/* End PBXProject section */

/* Begin PBXTargetDependency section */
		B1B2C3D400000000000000D5 /* PBXTargetDependency */ = {
			isa = PBXTargetDependency;
			target = B1B2C3D400000000000000D0 /* PolarH10Widget */;
			targetProxy = B1B2C3D400000000000000D6 /* PBXContainerItemProxy */;
		};
/* End PBXTargetDependency section */

/* Begin PBXContainerItemProxy section */
		B1B2C3D400000000000000D6 /* PBXContainerItemProxy */ = {
			isa = PBXContainerItemProxy;
			containerPortal = D0710C2B2FD9739300624913 /* Project object */;
			proxyType = 1;
			remoteGlobalIDString = B1B2C3D400000000000000D0;
			remoteInfo = PolarH10Widget;
		};
/* End PBXContainerItemProxy section */

/* Begin PBXResourcesBuildPhase section */
		D0710C312FD9739300624913 /* Resources */ = {
			isa = PBXResourcesBuildPhase;
			buildActionMask = 2147483647;
			files = (
			);
			runOnlyForDeploymentPostprocessing = 0;
		};
		B1B2C3D400000000000000D3 /* Resources */ = {
			isa = PBXResourcesBuildPhase;
			buildActionMask = 2147483647;
			files = (
			);
			runOnlyForDeploymentPostprocessing = 0;
		};
/* End PBXResourcesBuildPhase section */

/* Begin PBXSourcesBuildPhase section */
		D0710C2F2FD9739300624913 /* Sources */ = {
			isa = PBXSourcesBuildPhase;
			buildActionMask = 2147483647;
			files = (
				B1B2C3D400000000000000A1 /* SessionActivityAttributes.swift in Sources */,
			);
			runOnlyForDeploymentPostprocessing = 0;
		};
		B1B2C3D400000000000000D1 /* Sources */ = {
			isa = PBXSourcesBuildPhase;
			buildActionMask = 2147483647;
			files = (
				B1B2C3D400000000000000A3 /* PolarH10WidgetBundle.swift in Sources */,
				B1B2C3D400000000000000A2 /* SessionActivityAttributes.swift in Sources */,
			);
			runOnlyForDeploymentPostprocessing = 0;
		};
/* End PBXSourcesBuildPhase section */

/* Begin XCBuildConfiguration section */
		D0710C3C2FD9739500624913 /* Debug */ = {
			isa = XCBuildConfiguration;
			buildSettings = {
				ALWAYS_SEARCH_USER_PATHS = NO;
				ASSETCATALOG_COMPILER_GENERATE_SWIFT_ASSET_SYMBOL_EXTENSIONS = YES;
				CLANG_ANALYZER_NONNULL = YES;
				CLANG_ANALYZER_NUMBER_OBJECT_CONVERSION = YES_AGGRESSIVE;
				CLANG_CXX_LANGUAGE_STANDARD = "gnu++20";
				CLANG_ENABLE_MODULES = YES;
				CLANG_ENABLE_OBJC_ARC = YES;
				CLANG_ENABLE_OBJC_WEAK = YES;
				CLANG_WARN_BLOCK_CAPTURE_AUTORELEASING = YES;
				CLANG_WARN_BOOL_CONVERSION = YES;
				CLANG_WARN_COMMA = YES;
				CLANG_WARN_CONSTANT_CONVERSION = YES;
				CLANG_WARN_DEPRECATED_OBJC_IMPLEMENTATIONS = YES;
				CLANG_WARN_DIRECT_OBJC_ISA_USAGE = YES_ERROR;
				CLANG_WARN_DOCUMENTATION_COMMENTS = YES;
				CLANG_WARN_EMPTY_BODY = YES;
				CLANG_WARN_ENUM_CONVERSION = YES;
				CLANG_WARN_INFINITE_RECURSION = YES;
				CLANG_WARN_INT_CONVERSION = YES;
				CLANG_WARN_NON_LITERAL_NULL_CONVERSION = YES;
				CLANG_WARN_OBJC_IMPLICIT_RETAIN_SELF = YES;
				CLANG_WARN_OBJC_LITERAL_CONVERSION = YES;
				CLANG_WARN_OBJC_ROOT_CLASS = YES_ERROR;
				CLANG_WARN_QUOTED_INCLUDE_IN_FRAMEWORK_HEADER = YES;
				CLANG_WARN_RANGE_LOOP_ANALYSIS = YES;
				CLANG_WARN_STRICT_PROTOTYPES = YES;
				CLANG_WARN_SUSPICIOUS_MOVE = YES;
				CLANG_WARN_UNGUARDED_AVAILABILITY = YES_AGGRESSIVE;
				CLANG_WARN_UNREACHABLE_CODE = YES;
				CLANG_WARN__DUPLICATE_METHOD_MATCH = YES;
				COPY_PHASE_STRIP = NO;
				DEBUG_INFORMATION_FORMAT = dwarf;
				DEVELOPMENT_TEAM = 9RD8ZQ2Z8W;
				ENABLE_STRICT_OBJC_MSGSEND = YES;
				ENABLE_TESTABILITY = YES;
				ENABLE_USER_SCRIPT_SANDBOXING = YES;
				GCC_C_LANGUAGE_STANDARD = gnu17;
				GCC_DYNAMIC_NO_PIC = NO;
				GCC_NO_COMMON_BLOCKS = YES;
				GCC_OPTIMIZATION_LEVEL = 0;
				GCC_PREPROCESSOR_DEFINITIONS = (
					"DEBUG=1",
					"$(inherited)",
				);
				GCC_WARN_64_TO_32_BIT_CONVERSION = YES;
				GCC_WARN_ABOUT_RETURN_TYPE = YES_ERROR;
				GCC_WARN_UNDECLARED_SELECTOR = YES;
				GCC_WARN_UNINITIALIZED_AUTOS = YES_AGGRESSIVE;
				GCC_WARN_UNUSED_FUNCTION = YES;
				GCC_WARN_UNUSED_VARIABLE = YES;
				IPHONEOS_DEPLOYMENT_TARGET = 26.4;
				LOCALIZATION_PREFERS_STRING_CATALOGS = YES;
				MTL_ENABLE_DEBUG_INFO = INCLUDE_SOURCE;
				MTL_FAST_MATH = YES;
				ONLY_ACTIVE_ARCH = YES;
				SDKROOT = iphoneos;
				SWIFT_ACTIVE_COMPILATION_CONDITIONS = "DEBUG $(inherited)";
				SWIFT_OPTIMIZATION_LEVEL = "-Onone";
			};
			name = Debug;
		};
		D0710C3D2FD9739500624913 /* Release */ = {
			isa = XCBuildConfiguration;
			buildSettings = {
				ALWAYS_SEARCH_USER_PATHS = NO;
				ASSETCATALOG_COMPILER_GENERATE_SWIFT_ASSET_SYMBOL_EXTENSIONS = YES;
				CLANG_ANALYZER_NONNULL = YES;
				CLANG_ANALYZER_NUMBER_OBJECT_CONVERSION = YES_AGGRESSIVE;
				CLANG_CXX_LANGUAGE_STANDARD = "gnu++20";
				CLANG_ENABLE_MODULES = YES;
				CLANG_ENABLE_OBJC_ARC = YES;
				CLANG_ENABLE_OBJC_WEAK = YES;
				CLANG_WARN_BLOCK_CAPTURE_AUTORELEASING = YES;
				CLANG_WARN_BOOL_CONVERSION = YES;
				CLANG_WARN_COMMA = YES;
				CLANG_WARN_CONSTANT_CONVERSION = YES;
				CLANG_WARN_DEPRECATED_OBJC_IMPLEMENTATIONS = YES;
				CLANG_WARN_DIRECT_OBJC_ISA_USAGE = YES_ERROR;
				CLANG_WARN_DOCUMENTATION_COMMENTS = YES;
				CLANG_WARN_EMPTY_BODY = YES;
				CLANG_WARN_ENUM_CONVERSION = YES;
				CLANG_WARN_INFINITE_RECURSION = YES;
				CLANG_WARN_INT_CONVERSION = YES;
				CLANG_WARN_NON_LITERAL_NULL_CONVERSION = YES;
				CLANG_WARN_OBJC_IMPLICIT_RETAIN_SELF = YES;
				CLANG_WARN_OBJC_LITERAL_CONVERSION = YES;
				CLANG_WARN_OBJC_ROOT_CLASS = YES_ERROR;
				CLANG_WARN_QUOTED_INCLUDE_IN_FRAMEWORK_HEADER = YES;
				CLANG_WARN_RANGE_LOOP_ANALYSIS = YES;
				CLANG_WARN_STRICT_PROTOTYPES = YES;
				CLANG_WARN_SUSPICIOUS_MOVE = YES;
				CLANG_WARN_UNGUARDED_AVAILABILITY = YES_AGGRESSIVE;
				CLANG_WARN_UNREACHABLE_CODE = YES;
				CLANG_WARN__DUPLICATE_METHOD_MATCH = YES;
				COPY_PHASE_STRIP = NO;
				DEBUG_INFORMATION_FORMAT = "dwarf-with-dsym";
				DEVELOPMENT_TEAM = 9RD8ZQ2Z8W;
				ENABLE_NS_ASSERTIONS = NO;
				ENABLE_STRICT_OBJC_MSGSEND = YES;
				ENABLE_USER_SCRIPT_SANDBOXING = YES;
				GCC_C_LANGUAGE_STANDARD = gnu17;
				GCC_NO_COMMON_BLOCKS = YES;
				GCC_WARN_64_TO_32_BIT_CONVERSION = YES;
				GCC_WARN_ABOUT_RETURN_TYPE = YES_ERROR;
				GCC_WARN_UNDECLARED_SELECTOR = YES;
				GCC_WARN_UNINITIALIZED_AUTOS = YES_AGGRESSIVE;
				GCC_WARN_UNUSED_FUNCTION = YES;
				GCC_WARN_UNUSED_VARIABLE = YES;
				IPHONEOS_DEPLOYMENT_TARGET = 26.4;
				LOCALIZATION_PREFERS_STRING_CATALOGS = YES;
				MTL_ENABLE_DEBUG_INFO = NO;
				MTL_FAST_MATH = YES;
				SDKROOT = iphoneos;
				SWIFT_COMPILATION_MODE = wholemodule;
				VALIDATE_PRODUCT = YES;
			};
			name = Release;
		};
		D0710C3F2FD9739500624913 /* Debug */ = {
			isa = XCBuildConfiguration;
			buildSettings = {
				ASSETCATALOG_COMPILER_APPICON_NAME = AppIcon;
				ASSETCATALOG_COMPILER_GLOBAL_ACCENT_COLOR_NAME = AccentColor;
				CODE_SIGN_ENTITLEMENTS = "Polar H10/Polar_H10.entitlements";
				CODE_SIGN_STYLE = Automatic;
				CURRENT_PROJECT_VERSION = 1;
				DEVELOPMENT_TEAM = 46DXFLPH3S;
				ENABLE_PREVIEWS = YES;
				GENERATE_INFOPLIST_FILE = YES;
				INFOPLIST_FILE = Info.plist;
				INFOPLIST_KEY_CFBundleDisplayName = "Personal Polar";
				INFOPLIST_KEY_NSBluetoothAlwaysUsageDescription = "This app uses Bluetooth to connect to your Polar H10 heart-rate sensor.";
				INFOPLIST_KEY_NSHealthShareUsageDescription = "This app reads heart-rate data to display your measurements.";
				INFOPLIST_KEY_NSHealthUpdateUsageDescription = "This app saves heart-rate measurements from your Polar H10 to the Health app.";
				INFOPLIST_KEY_UIApplicationSceneManifest_Generation = YES;
				INFOPLIST_KEY_UIApplicationSupportsIndirectInputEvents = YES;
				INFOPLIST_KEY_UILaunchScreen_Generation = YES;
				INFOPLIST_KEY_UIStatusBarStyle = UIStatusBarStyleDarkContent;
				INFOPLIST_KEY_UISupportedInterfaceOrientations = UIInterfaceOrientationPortrait;
				LD_RUNPATH_SEARCH_PATHS = (
					"$(inherited)",
					"@executable_path/Frameworks",
				);
				MARKETING_VERSION = 1.0;
				PRODUCT_BUNDLE_IDENTIFIER = co.devdiv.polarh10;
				PRODUCT_NAME = "$(TARGET_NAME)";
				STRING_CATALOG_GENERATE_SYMBOLS = YES;
				SWIFT_APPROACHABLE_CONCURRENCY = YES;
				SWIFT_DEFAULT_ACTOR_ISOLATION = MainActor;
				SWIFT_EMIT_LOC_STRINGS = YES;
				SWIFT_UPCOMING_FEATURE_MEMBER_IMPORT_VISIBILITY = YES;
				SWIFT_VERSION = 5.0;
				TARGETED_DEVICE_FAMILY = "1,2";
			};
			name = Debug;
		};
		D0710C402FD9739500624913 /* Release */ = {
			isa = XCBuildConfiguration;
			buildSettings = {
				ASSETCATALOG_COMPILER_APPICON_NAME = AppIcon;
				ASSETCATALOG_COMPILER_GLOBAL_ACCENT_COLOR_NAME = AccentColor;
				CODE_SIGN_ENTITLEMENTS = "Polar H10/Polar_H10.entitlements";
				CODE_SIGN_STYLE = Automatic;
				CURRENT_PROJECT_VERSION = 1;
				DEVELOPMENT_TEAM = 46DXFLPH3S;
				ENABLE_PREVIEWS = YES;
				GENERATE_INFOPLIST_FILE = YES;
				INFOPLIST_FILE = Info.plist;
				INFOPLIST_KEY_CFBundleDisplayName = "Personal Polar";
				INFOPLIST_KEY_NSBluetoothAlwaysUsageDescription = "This app uses Bluetooth to connect to your Polar H10 heart-rate sensor.";
				INFOPLIST_KEY_NSHealthShareUsageDescription = "This app reads heart-rate data to display your measurements.";
				INFOPLIST_KEY_NSHealthUpdateUsageDescription = "This app saves heart-rate measurements from your Polar H10 to the Health app.";
				INFOPLIST_KEY_UIApplicationSceneManifest_Generation = YES;
				INFOPLIST_KEY_UIApplicationSupportsIndirectInputEvents = YES;
				INFOPLIST_KEY_UILaunchScreen_Generation = YES;
				INFOPLIST_KEY_UIStatusBarStyle = UIStatusBarStyleDarkContent;
				INFOPLIST_KEY_UISupportedInterfaceOrientations = UIInterfaceOrientationPortrait;
				LD_RUNPATH_SEARCH_PATHS = (
					"$(inherited)",
					"@executable_path/Frameworks",
				);
				MARKETING_VERSION = 1.0;
				PRODUCT_BUNDLE_IDENTIFIER = co.devdiv.polarh10;
				PRODUCT_NAME = "$(TARGET_NAME)";
				STRING_CATALOG_GENERATE_SYMBOLS = YES;
				SWIFT_APPROACHABLE_CONCURRENCY = YES;
				SWIFT_DEFAULT_ACTOR_ISOLATION = MainActor;
				SWIFT_EMIT_LOC_STRINGS = YES;
				SWIFT_UPCOMING_FEATURE_MEMBER_IMPORT_VISIBILITY = YES;
				SWIFT_VERSION = 5.0;
				TARGETED_DEVICE_FAMILY = "1,2";
			};
			name = Release;
		};
		B1B2C3D400000000000000E1 /* Debug */ = {
			isa = XCBuildConfiguration;
			buildSettings = {
				CODE_SIGN_STYLE = Automatic;
				CURRENT_PROJECT_VERSION = 1;
				DEVELOPMENT_TEAM = 46DXFLPH3S;
				GENERATE_INFOPLIST_FILE = YES;
				INFOPLIST_FILE = "PolarH10Widget/Info.plist";
				INFOPLIST_KEY_CFBundleDisplayName = "Polar H10 Session";
				INFOPLIST_KEY_NSHumanReadableCopyright = "";
				IPHONEOS_DEPLOYMENT_TARGET = 26.4;
				LD_RUNPATH_SEARCH_PATHS = (
					"$(inherited)",
					"@executable_path/Frameworks",
					"@executable_path/../../Frameworks",
				);
				MARKETING_VERSION = 1.0;
				PRODUCT_BUNDLE_IDENTIFIER = co.devdiv.polarh10.PolarH10Widget;
				PRODUCT_NAME = "$(TARGET_NAME)";
				SDKROOT = iphoneos;
				SKIP_INSTALL = YES;
				SWIFT_APPROACHABLE_CONCURRENCY = YES;
				SWIFT_DEFAULT_ACTOR_ISOLATION = MainActor;
				SWIFT_EMIT_LOC_STRINGS = YES;
				SWIFT_OPTIMIZATION_LEVEL = "-Onone";
				SWIFT_VERSION = 5.0;
				TARGETED_DEVICE_FAMILY = "1,2";
			};
			name = Debug;
		};
		B1B2C3D400000000000000E2 /* Release */ = {
			isa = XCBuildConfiguration;
			buildSettings = {
				CODE_SIGN_STYLE = Automatic;
				CURRENT_PROJECT_VERSION = 1;
				DEVELOPMENT_TEAM = 46DXFLPH3S;
				GENERATE_INFOPLIST_FILE = YES;
				INFOPLIST_FILE = "PolarH10Widget/Info.plist";
				INFOPLIST_KEY_CFBundleDisplayName = "Polar H10 Session";
				INFOPLIST_KEY_NSHumanReadableCopyright = "";
				IPHONEOS_DEPLOYMENT_TARGET = 26.4;
				LD_RUNPATH_SEARCH_PATHS = (
					"$(inherited)",
					"@executable_path/Frameworks",
					"@executable_path/../../Frameworks",
				);
				MARKETING_VERSION = 1.0;
				PRODUCT_BUNDLE_IDENTIFIER = co.devdiv.polarh10.PolarH10Widget;
				PRODUCT_NAME = "$(TARGET_NAME)";
				SDKROOT = iphoneos;
				SKIP_INSTALL = YES;
				SWIFT_APPROACHABLE_CONCURRENCY = YES;
				SWIFT_DEFAULT_ACTOR_ISOLATION = MainActor;
				SWIFT_EMIT_LOC_STRINGS = YES;
				SWIFT_COMPILATION_MODE = wholemodule;
				SWIFT_VERSION = 5.0;
				TARGETED_DEVICE_FAMILY = "1,2";
				VALIDATE_PRODUCT = YES;
			};
			name = Release;
		};
/* End XCBuildConfiguration section */

/* Begin XCConfigurationList section */
		D0710C2E2FD9739300624913 /* Build configuration list for PBXProject "Polar H10" */ = {
			isa = XCConfigurationList;
			buildConfigurations = (
				D0710C3C2FD9739500624913 /* Debug */,
				D0710C3D2FD9739500624913 /* Release */,
			);
			defaultConfigurationIsVisible = 0;
			defaultConfigurationName = Release;
		};
		D0710C3E2FD9739500624913 /* Build configuration list for PBXNativeTarget "Polar H10" */ = {
			isa = XCConfigurationList;
			buildConfigurations = (
				D0710C3F2FD9739500624913 /* Debug */,
				D0710C402FD9739500624913 /* Release */,
			);
			defaultConfigurationIsVisible = 0;
			defaultConfigurationName = Release;
		};
		B1B2C3D400000000000000E0 /* Build configuration list for PBXNativeTarget "PolarH10Widget" */ = {
			isa = XCConfigurationList;
			buildConfigurations = (
				B1B2C3D400000000000000E1 /* Debug */,
				B1B2C3D400000000000000E2 /* Release */,
			);
			defaultConfigurationIsVisible = 0;
			defaultConfigurationName = Release;
		};
/* End XCConfigurationList section */

/* Begin XCRemoteSwiftPackageReference section */
		A1B2C3D40000000000000002 /* XCRemoteSwiftPackageReference "polar-ble-sdk" */ = {
			isa = XCRemoteSwiftPackageReference;
			repositoryURL = "https://github.com/polarofficial/polar-ble-sdk.git";
			requirement = {
				kind = upToNextMajorVersion;
				minimumVersion = 8.0.0;
			};
		};
/* End XCRemoteSwiftPackageReference section */

/* Begin XCSwiftPackageProductDependency section */
		A1B2C3D40000000000000003 /* PolarBleSdk */ = {
			isa = XCSwiftPackageProductDependency;
			package = A1B2C3D40000000000000002 /* XCRemoteSwiftPackageReference "polar-ble-sdk" */;
			productName = PolarBleSdk;
		};
/* End XCSwiftPackageProductDependency section */
	};
	rootObject = D0710C2B2FD9739300624913 /* Project object */;
}
